
Microsoft Visual Studio Solution File, Format Version 12.00
# Visual Studio 15
VisualStudioVersion = 15.0.28307.421
MinimumVisualStudioVersion = 10.0.40219.1
Project("{FAE04EC0-301F-11D3-BF4B-00C04F79EFBC}") = "PrismDictionaryBinding", "PrismDictionaryBinding\PrismDictionaryBinding.csproj", "{7D2ADB32-5E63-4F71-982A-3899111E420E}"
EndProject
Project("{FAE04EC0-301F-11D3-BF4B-00C04F79EFBC}") = "PrismDictionaryBinding_SimplyUsing", "PrismDictionaryBinding_SimplyUsing\PrismDictionaryBinding_SimplyUsing.csproj", "{2EE5B5BE-74E6-4C09-A5C3-C93C182C96AD}"
EndProject
Global
	GlobalSection(SolutionConfigurationPlatforms) = preSolution
		Debug|Any CPU = Debug|Any CPU
		Release|Any CPU = Release|Any CPU
	EndGlobalSection
	GlobalSection(ProjectConfigurationPlatforms) = postSolution
		{7D2ADB32-5E63-4F71-982A-3899111E420E}.Debug|Any CPU.ActiveCfg = Debug|Any CPU
		{7D2ADB32-5E63-4F71-982A-3899111E420E}.Debug|Any CPU.Build.0 = Debug|Any CPU
		{7D2ADB32-5E63-4F71-982A-3899111E420E}.Release|Any CPU.ActiveCfg = Release|Any CPU
		{7D2ADB32-5E63-4F71-982A-3899111E420E}.Release|Any CPU.Build.0 = Release|Any CPU
		{2EE5B5BE-74E6-4C09-A5C3-C93C182C96AD}.Debug|Any CPU.ActiveCfg = Debug|Any CPU
		{2EE5B5BE-74E6-4C09-A5C3-C93C182C96AD}.Debug|Any CPU.Build.0 = Debug|Any CPU
		{2EE5B5BE-74E6-4C09-A5C3-C93C182C96AD}.Release|Any CPU.ActiveCfg = Release|Any CPU
		{2EE5B5BE-74E6-4C09-A5C3-C93C182C96AD}.Release|Any CPU.Build.0 = Release|Any CPU
	EndGlobalSection
	GlobalSection(SolutionProperties) = preSolution
		HideSolutionNode = FALSE
	EndGlobalSection
	GlobalSection(ExtensibilityGlobals) = postSolution
		SolutionGuid = {3E69A080-4A8F-41AA-945E-C576E8DB5D1B}
	EndGlobalSection
EndGlobal
